
Microsoft Visual Studio Solution File, Format Version 12.00
# Visual Studio Version 16
VisualStudioVersion = 16.0.32510.428
MinimumVisualStudioVersion = 10.0.40219.1
Project("{FAE04EC0-301F-11D3-BF4B-00C04F79EFBC}") = "ConvertXLS_to_XML", "ConvertXLS_to_XML\ConvertXLS_to_XML.csproj", "{1C0BADC6-CF85-479A-AE07-910C03C7669C}"
EndProject
Global
	GlobalSection(SolutionConfigurationPlatforms) = preSolution
		Debug|Any CPU = Debug|Any CPU
		Release|Any CPU = Release|Any CPU
	EndGlobalSection
	GlobalSection(ProjectConfigurationPlatforms) = postSolution
		{1C0BADC6-CF85-479A-AE07-910C03C7669C}.Debug|Any CPU.ActiveCfg = Debug|Any CPU
		{1C0BADC6-CF85-479A-AE07-910C03C7669C}.Debug|Any CPU.Build.0 = Debug|Any CPU
		{1C0BADC6-CF85-479A-AE07-910C03C7669C}.Release|Any CPU.ActiveCfg = Release|Any CPU
		{1C0BADC6-CF85-479A-AE07-910C03C7669C}.Release|Any CPU.Build.0 = Release|Any CPU
	EndGlobalSection
	GlobalSection(SolutionProperties) = preSolution
		HideSolutionNode = FALSE
	EndGlobalSection
	GlobalSection(ExtensibilityGlobals) = postSolution
		SolutionGuid = {3F9BACF6-632E-4F16-87CA-63259DA0F946}
	EndGlobalSection
EndGlobal
